{
	"name": "code-zoom",
	"version": "0.3.0",
	"lockfileVersion": 3,
	"requires": true,
	"packages": {
		"": {
			"name": "code-zoom",
			"version": "0.3.0",
			"license": "MIT",
			"devDependencies": {
				"@types/vscode": "^1.75.0"
			},
			"engines": {
				"vscode": "^1.75.0"
			}
		},
		"node_modules/@types/vscode": {
			"version": "1.99.1",
			"resolved": "https://registry.npmjs.org/@types/vscode/-/vscode-1.99.1.tgz",
			"integrity": "sha512-cQlqxHZ040ta6ovZXnXRxs3fJiTmlurkIWOfZVcLSZPcm9J4ikFpXuB7gihofGn5ng+kDVma5EmJIclfk0trPQ==",
			"dev": true,
			"license": "MIT"
		}
	}
}
